
Microsoft Visual Studio Solution File, Format Version 12.00
# Visual Studio Version 17
VisualStudioVersion = 17.3.32929.385
MinimumVisualStudioVersion = 10.0.40219.1
Project("{FAE04EC0-301F-11D3-BF4B-00C04F79EFBC}") = "Helix.CabUpgrade.Utils", "Helix.CabUpgrade.Utils\Helix.CabUpgrade.Utils.csproj", "{E46F0CED-265B-498C-939B-14CA801BEBED}"
EndProject
Project("{FAE04EC0-301F-11D3-BF4B-00C04F79EFBC}") = "Helix.CabUpgrade.Utils.Tests", "Helix.CabUpgrade.Utils.Tests\Helix.CabUpgrade.Utils.Tests.csproj", "{B5FB59A0-253B-412A-83A4-9B3507D1E971}"
EndProject
Global
	GlobalSection(SolutionConfigurationPlatforms) = preSolution
		Debug|Any CPU = Debug|Any CPU
		Release|Any CPU = Release|Any CPU
	EndGlobalSection
	GlobalSection(ProjectConfigurationPlatforms) = postSolution
		{E46F0CED-265B-498C-939B-14CA801BEBED}.Debug|Any CPU.ActiveCfg = Debug|Any CPU
		{E46F0CED-265B-498C-939B-14CA801BEBED}.Debug|Any CPU.Build.0 = Debug|Any CPU
		{E46F0CED-265B-498C-939B-14CA801BEBED}.Release|Any CPU.ActiveCfg = Release|Any CPU
		{E46F0CED-265B-498C-939B-14CA801BEBED}.Release|Any CPU.Build.0 = Release|Any CPU
		{B5FB59A0-253B-412A-83A4-9B3507D1E971}.Debug|Any CPU.ActiveCfg = Debug|Any CPU
		{B5FB59A0-253B-412A-83A4-9B3507D1E971}.Debug|Any CPU.Build.0 = Debug|Any CPU
		{B5FB59A0-253B-412A-83A4-9B3507D1E971}.Release|Any CPU.ActiveCfg = Release|Any CPU
		{B5FB59A0-253B-412A-83A4-9B3507D1E971}.Release|Any CPU.Build.0 = Release|Any CPU
	EndGlobalSection
	GlobalSection(SolutionProperties) = preSolution
		HideSolutionNode = FALSE
	EndGlobalSection
	GlobalSection(ExtensibilityGlobals) = postSolution
		SolutionGuid = {2C2FD2BE-A589-4CBD-AD48-2E6E6DCFFC9D}
	EndGlobalSection
EndGlobal
